
Microsoft Visual Studio Solution File, Format Version 12.00
# Visual Studio 15
VisualStudioVersion = 15.0.28307.572
MinimumVisualStudioVersion = 10.0.40219.1
Project("{FAE04EC0-301F-11D3-BF4B-00C04F79EFBC}") = "LoginApp.Android", "LoginApp\LoginApp.Android\LoginApp.Android.csproj", "{9C039C64-8F45-4A45-B174-1F7C6D970EF8}"
EndProject
Project("{FAE04EC0-301F-11D3-BF4B-00C04F79EFBC}") = "LoginApp.iOS", "LoginApp\LoginApp.iOS\LoginApp.iOS.csproj", "{D3CE0522-0BE3-4F8A-ADF5-4B37C49F81C7}"
EndProject
Project("{FAE04EC0-301F-11D3-BF4B-00C04F79EFBC}") = "LoginApp.UWP", "LoginApp\LoginApp.UWP\LoginApp.UWP.csproj", "{78FBE837-EBFD-448C-B211-FF07523D4F9B}"
EndProject
Project("{FAE04EC0-301F-11D3-BF4B-00C04F79EFBC}") = "LoginApp", "LoginApp\LoginApp\LoginApp.csproj", "{D78CC605-90E3-4156-80FA-809CF1F58D55}"
EndProject
Global
	GlobalSection(SolutionConfigurationPlatforms) = preSolution
		Ad-Hoc|Any CPU = Ad-Hoc|Any CPU
		Ad-Hoc|ARM = Ad-Hoc|ARM
		Ad-Hoc|iPhone = Ad-Hoc|iPhone
		Ad-Hoc|iPhoneSimulator = Ad-Hoc|iPhoneSimulator
		Ad-Hoc|x64 = Ad-Hoc|x64
		Ad-Hoc|x86 = Ad-Hoc|x86
		AppStore|Any CPU = AppStore|Any CPU
		AppStore|ARM = AppStore|ARM
		AppStore|iPhone = AppStore|iPhone
		AppStore|iPhoneSimulator = AppStore|iPhoneSimulator
		AppStore|x64 = AppStore|x64
		AppStore|x86 = AppStore|x86
		Debug|Any CPU = Debug|Any CPU
		Debug|ARM = Debug|ARM
		Debug|iPhone = Debug|iPhone
		Debug|iPhoneSimulator = Debug|iPhoneSimulator
		Debug|x64 = Debug|x64
		Debug|x86 = Debug|x86
		Release|Any CPU = Release|Any CPU
		Release|ARM = Release|ARM
		Release|iPhone = Release|iPhone
		Release|iPhoneSimulator = Release|iPhoneSimulator
		Release|x64 = Release|x64
		Release|x86 = Release|x86
	EndGlobalSection
	GlobalSection(ProjectConfigurationPlatforms) = postSolution
		{9C039C64-8F45-4A45-B174-1F7C6D970EF8}.Ad-Hoc|Any CPU.ActiveCfg = Release|Any CPU
		{9C039C64-8F45-4A45-B174-1F7C6D970EF8}.Ad-Hoc|Any CPU.Build.0 = Release|Any CPU
		{9C039C64-8F45-4A45-B174-1F7C6D970EF8}.Ad-Hoc|Any CPU.Deploy.0 = Release|Any CPU
		{9C039C64-8F45-4A45-B174-1F7C6D970EF8}.Ad-Hoc|ARM.ActiveCfg = Release|Any CPU
		{9C039C64-8F45-4A45-B174-1F7C6D970EF8}.Ad-Hoc|ARM.Build.0 = Release|Any CPU
		{9C039C64-8F45-4A45-B174-1F7C6D970EF8}.Ad-Hoc|ARM.Deploy.0 = Release|Any CPU
		{9C039C64-8F45-4A45-B174-1F7C6D970EF8}.Ad-Hoc|iPhone.ActiveCfg = Release|Any CPU
		{9C039C64-8F45-4A45-B174-1F7C6D970EF8}.Ad-Hoc|iPhone.Build.0 = Release|Any CPU
		{9C039C64-8F45-4A45-B174-1F7C6D970EF8}.Ad-Hoc|iPhone.Deploy.0 = Release|Any CPU
		{9C039C64-8F45-4A45-B174-1F7C6D970EF8}.Ad-Hoc|iPhoneSimulator.ActiveCfg = Release|Any CPU
		{9C039C64-8F45-4A45-B174-1F7C6D970EF8}.Ad-Hoc|iPhoneSimulator.Build.0 = Release|Any CPU
		{9C039C64-8F45-4A45-B174-1F7C6D970EF8}.Ad-Hoc|iPhoneSimulator.Deploy.0 = Release|Any CPU
		{9C039C64-8F45-4A45-B174-1F7C6D970EF8}.Ad-Hoc|x64.ActiveCfg = Release|Any CPU
		{9C039C64-8F45-4A45-B174-1F7C6D970EF8}.Ad-Hoc|x64.Build.0 = Release|Any CPU
		{9C039C64-8F45-4A45-B174-1F7C6D970EF8}.Ad-Hoc|x64.Deploy.0 = Release|Any CPU
		{9C039C64-8F45-4A45-B174-1F7C6D970EF8}.Ad-Hoc|x86.ActiveCfg = Release|Any CPU
		{9C039C64-8F45-4A45-B174-1F7C6D970EF8}.Ad-Hoc|x86.Build.0 = Release|Any CPU
		{9C039C64-8F45-4A45-B174-1F7C6D970EF8}.Ad-Hoc|x86.Deploy.0 = Release|Any CPU
		{9C039C64-8F45-4A45-B174-1F7C6D970EF8}.AppStore|Any CPU.ActiveCfg = Release|Any CPU
		{9C039C64-8F45-4A45-B174-1F7C6D970EF8}.AppStore|Any CPU.Build.0 = Release|Any CPU
		{9C039C64-8F45-4A45-B174-1F7C6D970EF8}.AppStore|Any CPU.Deploy.0 = Release|Any CPU
		{9C039C64-8F45-4A45-B174-1F7C6D970EF8}.AppStore|ARM.ActiveCfg = Release|Any CPU
		{9C039C64-8F45-4A45-B174-1F7C6D970EF8}.AppStore|ARM.Build.0 = Release|Any CPU
		{9C039C64-8F45-4A45-B174-1F7C6D970EF8}.AppStore|ARM.Deploy.0 = Release|Any CPU
		{9C039C64-8F45-4A45-B174-1F7C6D970EF8}.AppStore|iPhone.ActiveCfg = Release|Any CPU
		{9C039C64-8F45-4A45-B174-1F7C6D970EF8}.AppStore|iPhone.Build.0 = Release|Any CPU
		{9C039C64-8F45-4A45-B174-1F7C6D970EF8}.AppStore|iPhone.Deploy.0 = Release|Any CPU
		{9C039C64-8F45-4A45-B174-1F7C6D970EF8}.AppStore|iPhoneSimulator.ActiveCfg = Release|Any CPU
		{9C039C64-8F45-4A45-B174-1F7C6D970EF8}.AppStore|iPhoneSimulator.Build.0 = Release|Any CPU
		{9C039C64-8F45-4A45-B174-1F7C6D970EF8}.AppStore|iPhoneSimulator.Deploy.0 = Release|Any CPU
		{9C039C64-8F45-4A45-B174-1F7C6D970EF8}.AppStore|x64.ActiveCfg = Release|Any CPU
		{9C039C64-8F45-4A45-B174-1F7C6D970EF8}.AppStore|x64.Build.0 = Release|Any CPU
		{9C039C64-8F45-4A45-B174-1F7C6D970EF8}.AppStore|x64.Deploy.0 = Release|Any CPU
		{9C039C64-8F45-4A45-B174-1F7C6D970EF8}.AppStore|x86.ActiveCfg = Release|Any CPU
		{9C039C64-8F45-4A45-B174-1F7C6D970EF8}.AppStore|x86.Build.0 = Release|Any CPU
		{9C039C64-8F45-4A45-B174-1F7C6D970EF8}.AppStore|x86.Deploy.0 = Release|Any CPU
		{9C039C64-8F45-4A45-B174-1F7C6D970EF8}.Debug|Any CPU.ActiveCfg = Debug|Any CPU
		{9C039C64-8F45-4A45-B174-1F7C6D970EF8}.Debug|Any CPU.Build.0 = Debug|Any CPU
		{9C039C64-8F45-4A45-B174-1F7C6D970EF8}.Debug|Any CPU.Deploy.0 = Debug|Any CPU
		{9C039C64-8F45-4A45-B174-1F7C6D970EF8}.Debug|ARM.ActiveCfg = Debug|Any CPU
		{9C039C64-8F45-4A45-B174-1F7C6D970EF8}.Debug|ARM.Build.0 = Debug|Any CPU
		{9C039C64-8F45-4A45-B174-1F7C6D970EF8}.Debug|ARM.Deploy.0 = Debug|Any CPU
		{9C039C64-8F45-4A45-B174-1F7C6D970EF8}.Debug|iPhone.ActiveCfg = Debug|Any CPU
		{9C039C64-8F45-4A45-B174-1F7C6D970EF8}.Debug|iPhone.Build.0 = Debug|Any CPU
		{9C039C64-8F45-4A45-B174-1F7C6D970EF8}.Debug|iPhone.Deploy.0 = Debug|Any CPU
		{9C039C64-8F45-4A45-B174-1F7C6D970EF8}.Debug|iPhoneSimulator.ActiveCfg = Debug|Any CPU
		{9C039C64-8F45-4A45-B174-1F7C6D970EF8}.Debug|iPhoneSimulator.Build.0 = Debug|Any CPU
		{9C039C64-8F45-4A45-B174-1F7C6D970EF8}.Debug|iPhoneSimulator.Deploy.0 = Debug|Any CPU
		{9C039C64-8F45-4A45-B174-1F7C6D970EF8}.Debug|x64.ActiveCfg = Debug|Any CPU
		{9C039C64-8F45-4A45-B174-1F7C6D970EF8}.Debug|x64.Build.0 = Debug|Any CPU
		{9C039C64-8F45-4A45-B174-1F7C6D970EF8}.Debug|x64.Deploy.0 = Debug|Any CPU
		{9C039C64-8F45-4A45-B174-1F7C6D970EF8}.Debug|x86.ActiveCfg = Debug|Any CPU
		{9C039C64-8F45-4A45-B174-1F7C6D970EF8}.Debug|x86.Build.0 = Debug|Any CPU
		{9C039C64-8F45-4A45-B174-1F7C6D970EF8}.Debug|x86.Deploy.0 = Debug|Any CPU
		{9C039C64-8F45-4A45-B174-1F7C6D970EF8}.Release|Any CPU.ActiveCfg = Release|Any CPU
		{9C039C64-8F45-4A45-B174-1F7C6D970EF8}.Release|Any CPU.Build.0 = Release|Any CPU
		{9C039C64-8F45-4A45-B174-1F7C6D970EF8}.Release|Any CPU.Deploy.0 = Release|Any CPU
		{9C039C64-8F45-4A45-B174-1F7C6D970EF8}.Release|ARM.ActiveCfg = Release|Any CPU
		{9C039C64-8F45-4A45-B174-1F7C6D970EF8}.Release|ARM.Build.0 = Release|Any CPU
		{9C039C64-8F45-4A45-B174-1F7C6D970EF8}.Release|ARM.Deploy.0 = Release|Any CPU
		{9C039C64-8F45-4A45-B174-1F7C6D970EF8}.Release|iPhone.ActiveCfg = Release|Any CPU
		{9C039C64-8F45-4A45-B174-1F7C6D970EF8}.Release|iPhone.Build.0 = Release|Any CPU
		{9C039C64-8F45-4A45-B174-1F7C6D970EF8}.Release|iPhone.Deploy.0 = Release|Any CPU
		{9C039C64-8F45-4A45-B174-1F7C6D970EF8}.Release|iPhoneSimulator.ActiveCfg = Release|Any CPU
		{9C039C64-8F45-4A45-B174-1F7C6D970EF8}.Release|iPhoneSimulator.Build.0 = Release|Any CPU
		{9C039C64-8F45-4A45-B174-1F7C6D970EF8}.Release|iPhoneSimulator.Deploy.0 = Release|Any CPU
		{9C039C64-8F45-4A45-B174-1F7C6D970EF8}.Release|x64.ActiveCfg = Release|Any CPU
		{9C039C64-8F45-4A45-B174-1F7C6D970EF8}.Release|x64.Build.0 = Release|Any CPU
		{9C039C64-8F45-4A45-B174-1F7C6D970EF8}.Release|x64.Deploy.0 = Release|Any CPU
		{9C039C64-8F45-4A45-B174-1F7C6D970EF8}.Release|x86.ActiveCfg = Release|Any CPU
		{9C039C64-8F45-4A45-B174-1F7C6D970EF8}.Release|x86.Build.0 = Release|Any CPU
		{9C039C64-8F45-4A45-B174-1F7C6D970EF8}.Release|x86.Deploy.0 = Release|Any CPU
		{D3CE0522-0BE3-4F8A-ADF5-4B37C49F81C7}.Ad-Hoc|Any CPU.ActiveCfg = Ad-Hoc|iPhone
		{D3CE0522-0BE3-4F8A-ADF5-4B37C49F81C7}.Ad-Hoc|Any CPU.Build.0 = Ad-Hoc|iPhone
		{D3CE0522-0BE3-4F8A-ADF5-4B37C49F81C7}.Ad-Hoc|Any CPU.Deploy.0 = Ad-Hoc|iPhone
		{D3CE0522-0BE3-4F8A-ADF5-4B37C49F81C7}.Ad-Hoc|ARM.ActiveCfg = Ad-Hoc|iPhone
		{D3CE0522-0BE3-4F8A-ADF5-4B37C49F81C7}.Ad-Hoc|ARM.Build.0 = Ad-Hoc|iPhone
		{D3CE0522-0BE3-4F8A-ADF5-4B37C49F81C7}.Ad-Hoc|ARM.Deploy.0 = Ad-Hoc|iPhone
		{D3CE0522-0BE3-4F8A-ADF5-4B37C49F81C7}.Ad-Hoc|iPhone.ActiveCfg = Ad-Hoc|iPhone
		{D3CE0522-0BE3-4F8A-ADF5-4B37C49F81C7}.Ad-Hoc|iPhone.Build.0 = Ad-Hoc|iPhone
		{D3CE0522-0BE3-4F8A-ADF5-4B37C49F81C7}.Ad-Hoc|iPhone.Deploy.0 = Ad-Hoc|iPhone
		{D3CE0522-0BE3-4F8A-ADF5-4B37C49F81C7}.Ad-Hoc|iPhoneSimulator.ActiveCfg = Ad-Hoc|iPhoneSimulator
		{D3CE0522-0BE3-4F8A-ADF5-4B37C49F81C7}.Ad-Hoc|iPhoneSimulator.Build.0 = Ad-Hoc|iPhoneSimulator
		{D3CE0522-0BE3-4F8A-ADF5-4B37C49F81C7}.Ad-Hoc|iPhoneSimulator.Deploy.0 = Ad-Hoc|iPhoneSimulator
		{D3CE0522-0BE3-4F8A-ADF5-4B37C49F81C7}.Ad-Hoc|x64.ActiveCfg = Ad-Hoc|iPhone
		{D3CE0522-0BE3-4F8A-ADF5-4B37C49F81C7}.Ad-Hoc|x64.Build.0 = Ad-Hoc|iPhone
		{D3CE0522-0BE3-4F8A-ADF5-4B37C49F81C7}.Ad-Hoc|x64.Deploy.0 = Ad-Hoc|iPhone
		{D3CE0522-0BE3-4F8A-ADF5-4B37C49F81C7}.Ad-Hoc|x86.ActiveCfg = Ad-Hoc|iPhone
		{D3CE0522-0BE3-4F8A-ADF5-4B37C49F81C7}.Ad-Hoc|x86.Build.0 = Ad-Hoc|iPhone
		{D3CE0522-0BE3-4F8A-ADF5-4B37C49F81C7}.Ad-Hoc|x86.Deploy.0 = Ad-Hoc|iPhone
		{D3CE0522-0BE3-4F8A-ADF5-4B37C49F81C7}.AppStore|Any CPU.ActiveCfg = AppStore|iPhone
		{D3CE0522-0BE3-4F8A-ADF5-4B37C49F81C7}.AppStore|Any CPU.Build.0 = AppStore|iPhone
		{D3CE0522-0BE3-4F8A-ADF5-4B37C49F81C7}.AppStore|Any CPU.Deploy.0 = AppStore|iPhone
		{D3CE0522-0BE3-4F8A-ADF5-4B37C49F81C7}.AppStore|ARM.ActiveCfg = AppStore|iPhone
		{D3CE0522-0BE3-4F8A-ADF5-4B37C49F81C7}.AppStore|ARM.Build.0 = AppStore|iPhone
		{D3CE0522-0BE3-4F8A-ADF5-4B37C49F81C7}.AppStore|ARM.Deploy.0 = AppStore|iPhone
		{D3CE0522-0BE3-4F8A-ADF5-4B37C49F81C7}.AppStore|iPhone.ActiveCfg = AppStore|iPhone
		{D3CE0522-0BE3-4F8A-ADF5-4B37C49F81C7}.AppStore|iPhone.Build.0 = AppStore|iPhone
		{D3CE0522-0BE3-4F8A-ADF5-4B37C49F81C7}.AppStore|iPhone.Deploy.0 = AppStore|iPhone
		{D3CE0522-0BE3-4F8A-ADF5-4B37C49F81C7}.AppStore|iPhoneSimulator.ActiveCfg = AppStore|iPhoneSimulator
		{D3CE0522-0BE3-4F8A-ADF5-4B37C49F81C7}.AppStore|iPhoneSimulator.Build.0 = AppStore|iPhoneSimulator
		{D3CE0522-0BE3-4F8A-ADF5-4B37C49F81C7}.AppStore|iPhoneSimulator.Deploy.0 = AppStore|iPhoneSimulator
		{D3CE0522-0BE3-4F8A-ADF5-4B37C49F81C7}.AppStore|x64.ActiveCfg = AppStore|iPhone
		{D3CE0522-0BE3-4F8A-ADF5-4B37C49F81C7}.AppStore|x64.Build.0 = AppStore|iPhone
		{D3CE0522-0BE3-4F8A-ADF5-4B37C49F81C7}.AppStore|x64.Deploy.0 = AppStore|iPhone
		{D3CE0522-0BE3-4F8A-ADF5-4B37C49F81C7}.AppStore|x86.ActiveCfg = AppStore|iPhone
		{D3CE0522-0BE3-4F8A-ADF5-4B37C49F81C7}.AppStore|x86.Build.0 = AppStore|iPhone
		{D3CE0522-0BE3-4F8A-ADF5-4B37C49F81C7}.AppStore|x86.Deploy.0 = AppStore|iPhone
		{D3CE0522-0BE3-4F8A-ADF5-4B37C49F81C7}.Debug|Any CPU.ActiveCfg = Debug|iPhoneSimulator
		{D3CE0522-0BE3-4F8A-ADF5-4B37C49F81C7}.Debug|Any CPU.Build.0 = Debug|iPhoneSimulator
		{D3CE0522-0BE3-4F8A-ADF5-4B37C49F81C7}.Debug|Any CPU.Deploy.0 = Debug|iPhoneSimulator
		{D3CE0522-0BE3-4F8A-ADF5-4B37C49F81C7}.Debug|ARM.ActiveCfg = Debug|iPhone
		{D3CE0522-0BE3-4F8A-ADF5-4B37C49F81C7}.Debug|ARM.Build.0 = Debug|iPhone
		{D3CE0522-0BE3-4F8A-ADF5-4B37C49F81C7}.Debug|ARM.Deploy.0 = Debug|iPhone
		{D3CE0522-0BE3-4F8A-ADF5-4B37C49F81C7}.Debug|iPhone.ActiveCfg = Debug|iPhone
		{D3CE0522-0BE3-4F8A-ADF5-4B37C49F81C7}.Debug|iPhone.Build.0 = Debug|iPhone
		{D3CE0522-0BE3-4F8A-ADF5-4B37C49F81C7}.Debug|iPhone.Deploy.0 = Debug|iPhone
		{D3CE0522-0BE3-4F8A-ADF5-4B37C49F81C7}.Debug|iPhoneSimulator.ActiveCfg = Debug|iPhoneSimulator
		{D3CE0522-0BE3-4F8A-ADF5-4B37C49F81C7}.Debug|iPhoneSimulator.Build.0 = Debug|iPhoneSimulator
		{D3CE0522-0BE3-4F8A-ADF5-4B37C49F81C7}.Debug|iPhoneSimulator.Deploy.0 = Debug|iPhoneSimulator
		{D3CE0522-0BE3-4F8A-ADF5-4B37C49F81C7}.Debug|x64.ActiveCfg = Debug|iPhone
		{D3CE0522-0BE3-4F8A-ADF5-4B37C49F81C7}.Debug|x64.Build.0 = Debug|iPhone
		{D3CE0522-0BE3-4F8A-ADF5-4B37C49F81C7}.Debug|x64.Deploy.0 = Debug|iPhone
		{D3CE0522-0BE3-4F8A-ADF5-4B37C49F81C7}.Debug|x86.ActiveCfg = Debug|iPhone
		{D3CE0522-0BE3-4F8A-ADF5-4B37C49F81C7}.Debug|x86.Build.0 = Debug|iPhone
		{D3CE0522-0BE3-4F8A-ADF5-4B37C49F81C7}.Debug|x86.Deploy.0 = Debug|iPhone
		{D3CE0522-0BE3-4F8A-ADF5-4B37C49F81C7}.Release|Any CPU.ActiveCfg = Release|iPhone
		{D3CE0522-0BE3-4F8A-ADF5-4B37C49F81C7}.Release|Any CPU.Build.0 = Release|iPhone
		{D3CE0522-0BE3-4F8A-ADF5-4B37C49F81C7}.Release|Any CPU.Deploy.0 = Release|iPhone
		{D3CE0522-0BE3-4F8A-ADF5-4B37C49F81C7}.Release|ARM.ActiveCfg = Release|iPhone
		{D3CE0522-0BE3-4F8A-ADF5-4B37C49F81C7}.Release|ARM.Build.0 = Release|iPhone
		{D3CE0522-0BE3-4F8A-ADF5-4B37C49F81C7}.Release|ARM.Deploy.0 = Release|iPhone
		{D3CE0522-0BE3-4F8A-ADF5-4B37C49F81C7}.Release|iPhone.ActiveCfg = Release|iPhone
		{D3CE0522-0BE3-4F8A-ADF5-4B37C49F81C7}.Release|iPhone.Build.0 = Release|iPhone
		{D3CE0522-0BE3-4F8A-ADF5-4B37C49F81C7}.Release|iPhone.Deploy.0 = Release|iPhone
		{D3CE0522-0BE3-4F8A-ADF5-4B37C49F81C7}.Release|iPhoneSimulator.ActiveCfg = Release|iPhoneSimulator
		{D3CE0522-0BE3-4F8A-ADF5-4B37C49F81C7}.Release|iPhoneSimulator.Build.0 = Release|iPhoneSimulator
		{D3CE0522-0BE3-4F8A-ADF5-4B37C49F81C7}.Release|iPhoneSimulator.Deploy.0 = Release|iPhoneSimulator
		{D3CE0522-0BE3-4F8A-ADF5-4B37C49F81C7}.Release|x64.ActiveCfg = Release|iPhone
		{D3CE0522-0BE3-4F8A-ADF5-4B37C49F81C7}.Release|x64.Build.0 = Release|iPhone
		{D3CE0522-0BE3-4F8A-ADF5-4B37C49F81C7}.Release|x64.Deploy.0 = Release|iPhone
		{D3CE0522-0BE3-4F8A-ADF5-4B37C49F81C7}.Release|x86.ActiveCfg = Release|iPhone
		{D3CE0522-0BE3-4F8A-ADF5-4B37C49F81C7}.Release|x86.Build.0 = Release|iPhone
		{D3CE0522-0BE3-4F8A-ADF5-4B37C49F81C7}.Release|x86.Deploy.0 = Release|iPhone
		{78FBE837-EBFD-448C-B211-FF07523D4F9B}.Ad-Hoc|Any CPU.ActiveCfg = Release|x86
		{78FBE837-EBFD-448C-B211-FF07523D4F9B}.Ad-Hoc|Any CPU.Build.0 = Release|x86
		{78FBE837-EBFD-448C-B211-FF07523D4F9B}.Ad-Hoc|Any CPU.Deploy.0 = Release|x86
		{78FBE837-EBFD-448C-B211-FF07523D4F9B}.Ad-Hoc|ARM.ActiveCfg = Release|ARM
		{78FBE837-EBFD-448C-B211-FF07523D4F9B}.Ad-Hoc|ARM.Build.0 = Release|ARM
		{78FBE837-EBFD-448C-B211-FF07523D4F9B}.Ad-Hoc|ARM.Deploy.0 = Release|ARM
		{78FBE837-EBFD-448C-B211-FF07523D4F9B}.Ad-Hoc|iPhone.ActiveCfg = Release|x86
		{78FBE837-EBFD-448C-B211-FF07523D4F9B}.Ad-Hoc|iPhone.Build.0 = Release|x86
		{78FBE837-EBFD-448C-B211-FF07523D4F9B}.Ad-Hoc|iPhone.Deploy.0 = Release|x86
		{78FBE837-EBFD-448C-B211-FF07523D4F9B}.Ad-Hoc|iPhoneSimulator.ActiveCfg = Release|x86
		{78FBE837-EBFD-448C-B211-FF07523D4F9B}.Ad-Hoc|iPhoneSimulator.Build.0 = Release|x86
		{78FBE837-EBFD-448C-B211-FF07523D4F9B}.Ad-Hoc|iPhoneSimulator.Deploy.0 = Release|x86
		{78FBE837-EBFD-448C-B211-FF07523D4F9B}.Ad-Hoc|x64.ActiveCfg = Release|x64
		{78FBE837-EBFD-448C-B211-FF07523D4F9B}.Ad-Hoc|x64.Build.0 = Release|x64
		{78FBE837-EBFD-448C-B211-FF07523D4F9B}.Ad-Hoc|x64.Deploy.0 = Release|x64
		{78FBE837-EBFD-448C-B211-FF07523D4F9B}.Ad-Hoc|x86.ActiveCfg = Release|x86
		{78FBE837-EBFD-448C-B211-FF07523D4F9B}.Ad-Hoc|x86.Build.0 = Release|x86
		{78FBE837-EBFD-448C-B211-FF07523D4F9B}.Ad-Hoc|x86.Deploy.0 = Release|x86
		{78FBE837-EBFD-448C-B211-FF07523D4F9B}.AppStore|Any CPU.ActiveCfg = Release|x86
		{78FBE837-EBFD-448C-B211-FF07523D4F9B}.AppStore|Any CPU.Build.0 = Release|x86
		{78FBE837-EBFD-448C-B211-FF07523D4F9B}.AppStore|Any CPU.Deploy.0 = Release|x86
		{78FBE837-EBFD-448C-B211-FF07523D4F9B}.AppStore|ARM.ActiveCfg = Release|ARM
		{78FBE837-EBFD-448C-B211-FF07523D4F9B}.AppStore|ARM.Build.0 = Release|ARM
		{78FBE837-EBFD-448C-B211-FF07523D4F9B}.AppStore|ARM.Deploy.0 = Release|ARM
		{78FBE837-EBFD-448C-B211-FF07523D4F9B}.AppStore|iPhone.ActiveCfg = Release|x86
		{78FBE837-EBFD-448C-B211-FF07523D4F9B}.AppStore|iPhone.Build.0 = Release|x86
		{78FBE837-EBFD-448C-B211-FF07523D4F9B}.AppStore|iPhone.Deploy.0 = Release|x86
		{78FBE837-EBFD-448C-B211-FF07523D4F9B}.AppStore|iPhoneSimulator.ActiveCfg = Release|x86
		{78FBE837-EBFD-448C-B211-FF07523D4F9B}.AppStore|iPhoneSimulator.Build.0 = Release|x86
		{78FBE837-EBFD-448C-B211-FF07523D4F9B}.AppStore|iPhoneSimulator.Deploy.0 = Release|x86
		{78FBE837-EBFD-448C-B211-FF07523D4F9B}.AppStore|x64.ActiveCfg = Release|x64
		{78FBE837-EBFD-448C-B211-FF07523D4F9B}.AppStore|x64.Build.0 = Release|x64
		{78FBE837-EBFD-448C-B211-FF07523D4F9B}.AppStore|x64.Deploy.0 = Release|x64
		{78FBE837-EBFD-448C-B211-FF07523D4F9B}.AppStore|x86.ActiveCfg = Release|x86
		{78FBE837-EBFD-448C-B211-FF07523D4F9B}.AppStore|x86.Build.0 = Release|x86
		{78FBE837-EBFD-448C-B211-FF07523D4F9B}.AppStore|x86.Deploy.0 = Release|x86
		{78FBE837-EBFD-448C-B211-FF07523D4F9B}.Debug|Any CPU.ActiveCfg = Debug|x86
		{78FBE837-EBFD-448C-B211-FF07523D4F9B}.Debug|Any CPU.Build.0 = Debug|x86
		{78FBE837-EBFD-448C-B211-FF07523D4F9B}.Debug|Any CPU.Deploy.0 = Debug|x86
		{78FBE837-EBFD-448C-B211-FF07523D4F9B}.Debug|ARM.ActiveCfg = Debug|ARM
		{78FBE837-EBFD-448C-B211-FF07523D4F9B}.Debug|ARM.Build.0 = Debug|ARM
		{78FBE837-EBFD-448C-B211-FF07523D4F9B}.Debug|ARM.Deploy.0 = Debug|ARM
		{78FBE837-EBFD-448C-B211-FF07523D4F9B}.Debug|iPhone.ActiveCfg = Debug|x86
		{78FBE837-EBFD-448C-B211-FF07523D4F9B}.Debug|iPhone.Build.0 = Debug|x86
		{78FBE837-EBFD-448C-B211-FF07523D4F9B}.Debug|iPhone.Deploy.0 = Debug|x86
		{78FBE837-EBFD-448C-B211-FF07523D4F9B}.Debug|iPhoneSimulator.ActiveCfg = Debug|x86
		{78FBE837-EBFD-448C-B211-FF07523D4F9B}.Debug|iPhoneSimulator.Build.0 = Debug|x86
		{78FBE837-EBFD-448C-B211-FF07523D4F9B}.Debug|iPhoneSimulator.Deploy.0 = Debug|x86
		{78FBE837-EBFD-448C-B211-FF07523D4F9B}.Debug|x64.ActiveCfg = Debug|x64
		{78FBE837-EBFD-448C-B211-FF07523D4F9B}.Debug|x64.Build.0 = Debug|x64
		{78FBE837-EBFD-448C-B211-FF07523D4F9B}.Debug|x64.Deploy.0 = Debug|x64
		{78FBE837-EBFD-448C-B211-FF07523D4F9B}.Debug|x86.ActiveCfg = Debug|x86
		{78FBE837-EBFD-448C-B211-FF07523D4F9B}.Debug|x86.Build.0 = Debug|x86
		{78FBE837-EBFD-448C-B211-FF07523D4F9B}.Debug|x86.Deploy.0 = Debug|x86
		{78FBE837-EBFD-448C-B211-FF07523D4F9B}.Release|Any CPU.ActiveCfg = Release|x86
		{78FBE837-EBFD-448C-B211-FF07523D4F9B}.Release|Any CPU.Build.0 = Release|x86
		{78FBE837-EBFD-448C-B211-FF07523D4F9B}.Release|Any CPU.Deploy.0 = Release|x86
		{78FBE837-EBFD-448C-B211-FF07523D4F9B}.Release|ARM.ActiveCfg = Release|ARM
		{78FBE837-EBFD-448C-B211-FF07523D4F9B}.Release|ARM.Build.0 = Release|ARM
		{78FBE837-EBFD-448C-B211-FF07523D4F9B}.Release|ARM.Deploy.0 = Release|ARM
		{78FBE837-EBFD-448C-B211-FF07523D4F9B}.Release|iPhone.ActiveCfg = Release|x86
		{78FBE837-EBFD-448C-B211-FF07523D4F9B}.Release|iPhone.Build.0 = Release|x86
		{78FBE837-EBFD-448C-B211-FF07523D4F9B}.Release|iPhone.Deploy.0 = Release|x86
		{78FBE837-EBFD-448C-B211-FF07523D4F9B}.Release|iPhoneSimulator.ActiveCfg = Release|x86
		{78FBE837-EBFD-448C-B211-FF07523D4F9B}.Release|iPhoneSimulator.Build.0 = Release|x86
		{78FBE837-EBFD-448C-B211-FF07523D4F9B}.Release|iPhoneSimulator.Deploy.0 = Release|x86
		{78FBE837-EBFD-448C-B211-FF07523D4F9B}.Release|x64.ActiveCfg = Release|x64
		{78FBE837-EBFD-448C-B211-FF07523D4F9B}.Release|x64.Build.0 = Release|x64
		{78FBE837-EBFD-448C-B211-FF07523D4F9B}.Release|x64.Deploy.0 = Release|x64
		{78FBE837-EBFD-448C-B211-FF07523D4F9B}.Release|x86.ActiveCfg = Release|x86
		{78FBE837-EBFD-448C-B211-FF07523D4F9B}.Release|x86.Build.0 = Release|x86
		{78FBE837-EBFD-448C-B211-FF07523D4F9B}.Release|x86.Deploy.0 = Release|x86
		{D78CC605-90E3-4156-80FA-809CF1F58D55}.Ad-Hoc|Any CPU.ActiveCfg = Debug|Any CPU
		{D78CC605-90E3-4156-80FA-809CF1F58D55}.Ad-Hoc|Any CPU.Build.0 = Debug|Any CPU
		{D78CC605-90E3-4156-80FA-809CF1F58D55}.Ad-Hoc|Any CPU.Deploy.0 = Debug|Any CPU
		{D78CC605-90E3-4156-80FA-809CF1F58D55}.Ad-Hoc|ARM.ActiveCfg = Debug|Any CPU
		{D78CC605-90E3-4156-80FA-809CF1F58D55}.Ad-Hoc|ARM.Build.0 = Debug|Any CPU
		{D78CC605-90E3-4156-80FA-809CF1F58D55}.Ad-Hoc|ARM.Deploy.0 = Debug|Any CPU
		{D78CC605-90E3-4156-80FA-809CF1F58D55}.Ad-Hoc|iPhone.ActiveCfg = Debug|Any CPU
		{D78CC605-90E3-4156-80FA-809CF1F58D55}.Ad-Hoc|iPhone.Build.0 = Debug|Any CPU
		{D78CC605-90E3-4156-80FA-809CF1F58D55}.Ad-Hoc|iPhone.Deploy.0 = Debug|Any CPU
		{D78CC605-90E3-4156-80FA-809CF1F58D55}.Ad-Hoc|iPhoneSimulator.ActiveCfg = Debug|Any CPU
		{D78CC605-90E3-4156-80FA-809CF1F58D55}.Ad-Hoc|iPhoneSimulator.Build.0 = Debug|Any CPU
		{D78CC605-90E3-4156-80FA-809CF1F58D55}.Ad-Hoc|iPhoneSimulator.Deploy.0 = Debug|Any CPU
		{D78CC605-90E3-4156-80FA-809CF1F58D55}.Ad-Hoc|x64.ActiveCfg = Debug|Any CPU
		{D78CC605-90E3-4156-80FA-809CF1F58D55}.Ad-Hoc|x64.Build.0 = Debug|Any CPU
		{D78CC605-90E3-4156-80FA-809CF1F58D55}.Ad-Hoc|x64.Deploy.0 = Debug|Any CPU
		{D78CC605-90E3-4156-80FA-809CF1F58D55}.Ad-Hoc|x86.ActiveCfg = Debug|Any CPU
		{D78CC605-90E3-4156-80FA-809CF1F58D55}.Ad-Hoc|x86.Build.0 = Debug|Any CPU
		{D78CC605-90E3-4156-80FA-809CF1F58D55}.Ad-Hoc|x86.Deploy.0 = Debug|Any CPU
		{D78CC605-90E3-4156-80FA-809CF1F58D55}.AppStore|Any CPU.ActiveCfg = Debug|Any CPU
		{D78CC605-90E3-4156-80FA-809CF1F58D55}.AppStore|Any CPU.Build.0 = Debug|Any CPU
		{D78CC605-90E3-4156-80FA-809CF1F58D55}.AppStore|Any CPU.Deploy.0 = Debug|Any CPU
		{D78CC605-90E3-4156-80FA-809CF1F58D55}.AppStore|ARM.ActiveCfg = Debug|Any CPU
		{D78CC605-90E3-4156-80FA-809CF1F58D55}.AppStore|ARM.Build.0 = Debug|Any CPU
		{D78CC605-90E3-4156-80FA-809CF1F58D55}.AppStore|ARM.Deploy.0 = Debug|Any CPU
		{D78CC605-90E3-4156-80FA-809CF1F58D55}.AppStore|iPhone.ActiveCfg = Debug|Any CPU
		{D78CC605-90E3-4156-80FA-809CF1F58D55}.AppStore|iPhone.Build.0 = Debug|Any CPU
		{D78CC605-90E3-4156-80FA-809CF1F58D55}.AppStore|iPhone.Deploy.0 = Debug|Any CPU
		{D78CC605-90E3-4156-80FA-809CF1F58D55}.AppStore|iPhoneSimulator.ActiveCfg = Debug|Any CPU
		{D78CC605-90E3-4156-80FA-809CF1F58D55}.AppStore|iPhoneSimulator.Build.0 = Debug|Any CPU
		{D78CC605-90E3-4156-80FA-809CF1F58D55}.AppStore|iPhoneSimulator.Deploy.0 = Debug|Any CPU
		{D78CC605-90E3-4156-80FA-809CF1F58D55}.AppStore|x64.ActiveCfg = Debug|Any CPU
		{D78CC605-90E3-4156-80FA-809CF1F58D55}.AppStore|x64.Build.0 = Debug|Any CPU
		{D78CC605-90E3-4156-80FA-809CF1F58D55}.AppStore|x64.Deploy.0 = Debug|Any CPU
		{D78CC605-90E3-4156-80FA-809CF1F58D55}.AppStore|x86.ActiveCfg = Debug|Any CPU
		{D78CC605-90E3-4156-80FA-809CF1F58D55}.AppStore|x86.Build.0 = Debug|Any CPU
		{D78CC605-90E3-4156-80FA-809CF1F58D55}.AppStore|x86.Deploy.0 = Debug|Any CPU
		{D78CC605-90E3-4156-80FA-809CF1F58D55}.Debug|Any CPU.ActiveCfg = Debug|Any CPU
		{D78CC605-90E3-4156-80FA-809CF1F58D55}.Debug|Any CPU.Build.0 = Debug|Any CPU
		{D78CC605-90E3-4156-80FA-809CF1F58D55}.Debug|Any CPU.Deploy.0 = Debug|Any CPU
		{D78CC605-90E3-4156-80FA-809CF1F58D55}.Debug|ARM.ActiveCfg = Debug|Any CPU
		{D78CC605-90E3-4156-80FA-809CF1F58D55}.Debug|ARM.Build.0 = Debug|Any CPU
		{D78CC605-90E3-4156-80FA-809CF1F58D55}.Debug|ARM.Deploy.0 = Debug|Any CPU
		{D78CC605-90E3-4156-80FA-809CF1F58D55}.Debug|iPhone.ActiveCfg = Debug|Any CPU
		{D78CC605-90E3-4156-80FA-809CF1F58D55}.Debug|iPhone.Build.0 = Debug|Any CPU
		{D78CC605-90E3-4156-80FA-809CF1F58D55}.Debug|iPhone.Deploy.0 = Debug|Any CPU
		{D78CC605-90E3-4156-80FA-809CF1F58D55}.Debug|iPhoneSimulator.ActiveCfg = Debug|Any CPU
		{D78CC605-90E3-4156-80FA-809CF1F58D55}.Debug|iPhoneSimulator.Build.0 = Debug|Any CPU
		{D78CC605-90E3-4156-80FA-809CF1F58D55}.Debug|iPhoneSimulator.Deploy.0 = Debug|Any CPU
		{D78CC605-90E3-4156-80FA-809CF1F58D55}.Debug|x64.ActiveCfg = Debug|Any CPU
		{D78CC605-90E3-4156-80FA-809CF1F58D55}.Debug|x64.Build.0 = Debug|Any CPU
		{D78CC605-90E3-4156-80FA-809CF1F58D55}.Debug|x64.Deploy.0 = Debug|Any CPU
		{D78CC605-90E3-4156-80FA-809CF1F58D55}.Debug|x86.ActiveCfg = Debug|Any CPU
		{D78CC605-90E3-4156-80FA-809CF1F58D55}.Debug|x86.Build.0 = Debug|Any CPU
		{D78CC605-90E3-4156-80FA-809CF1F58D55}.Debug|x86.Deploy.0 = Debug|Any CPU
		{D78CC605-90E3-4156-80FA-809CF1F58D55}.Release|Any CPU.ActiveCfg = Release|Any CPU
		{D78CC605-90E3-4156-80FA-809CF1F58D55}.Release|Any CPU.Build.0 = Release|Any CPU
		{D78CC605-90E3-4156-80FA-809CF1F58D55}.Release|Any CPU.Deploy.0 = Release|Any CPU
		{D78CC605-90E3-4156-80FA-809CF1F58D55}.Release|ARM.ActiveCfg = Release|Any CPU
		{D78CC605-90E3-4156-80FA-809CF1F58D55}.Release|ARM.Build.0 = Release|Any CPU
		{D78CC605-90E3-4156-80FA-809CF1F58D55}.Release|ARM.Deploy.0 = Release|Any CPU
		{D78CC605-90E3-4156-80FA-809CF1F58D55}.Release|iPhone.ActiveCfg = Release|Any CPU
		{D78CC605-90E3-4156-80FA-809CF1F58D55}.Release|iPhone.Build.0 = Release|Any CPU
		{D78CC605-90E3-4156-80FA-809CF1F58D55}.Release|iPhone.Deploy.0 = Release|Any CPU
		{D78CC605-90E3-4156-80FA-809CF1F58D55}.Release|iPhoneSimulator.ActiveCfg = Release|Any CPU
		{D78CC605-90E3-4156-80FA-809CF1F58D55}.Release|iPhoneSimulator.Build.0 = Release|Any CPU
		{D78CC605-90E3-4156-80FA-809CF1F58D55}.Release|iPhoneSimulator.Deploy.0 = Release|Any CPU
		{D78CC605-90E3-4156-80FA-809CF1F58D55}.Release|x64.ActiveCfg = Release|Any CPU
		{D78CC605-90E3-4156-80FA-809CF1F58D55}.Release|x64.Build.0 = Release|Any CPU
		{D78CC605-90E3-4156-80FA-809CF1F58D55}.Release|x64.Deploy.0 = Release|Any CPU
		{D78CC605-90E3-4156-80FA-809CF1F58D55}.Release|x86.ActiveCfg = Release|Any CPU
		{D78CC605-90E3-4156-80FA-809CF1F58D55}.Release|x86.Build.0 = Release|Any CPU
		{D78CC605-90E3-4156-80FA-809CF1F58D55}.Release|x86.Deploy.0 = Release|Any CPU
	EndGlobalSection
	GlobalSection(SolutionProperties) = preSolution
		HideSolutionNode = FALSE
	EndGlobalSection
	GlobalSection(ExtensibilityGlobals) = postSolution
		SolutionGuid = {CECCC47C-F054-4D03-AA16-B99B0ABCC563}
	EndGlobalSection
EndGlobal
